
Microsoft Visual Studio Solution File, Format Version 12.00
# Visual Studio Version 17
VisualStudioVersion = 17.11.35327.3
MinimumVisualStudioVersion = 10.0.40219.1
Project("{9A19103F-16F7-4668-BE54-9A1E7A4F7556}") = "P5_EX01", "P5_EX1\P5_EX01.csproj", "{71A50B54-79D5-4E57-82F4-D766264863D9}"
EndProject
Project("{FAE04EC0-301F-11D3-BF4B-00C04F79EFBC}") = "00_Exemple", "00_Exemple\00_Exemple.csproj", "{6DDB1CA2-7F22-46D7-A36F-B0E27FACD377}"
EndProject
Project("{FAE04EC0-301F-11D3-BF4B-00C04F79EFBC}") = "P5_EX03", "P5_EX03\P5_EX03.csproj", "{DE33249B-A173-44D7-80B3-D32D6486387A}"
EndProject
Project("{FAE04EC0-301F-11D3-BF4B-00C04F79EFBC}") = "P5_EX05", "P5_EX05\P5_EX05.csproj", "{5C58FD78-7E5D-4761-94C7-11A7950FFF4F}"
EndProject
Project("{FAE04EC0-301F-11D3-BF4B-00C04F79EFBC}") = "P5_EX07", "P5_EX07\P5_EX07.csproj", "{345E0076-D0CF-4389-839B-48F6C5FBF04A}"
EndProject
Global
	GlobalSection(SolutionConfigurationPlatforms) = preSolution
		Debug|Any CPU = Debug|Any CPU
		Release|Any CPU = Release|Any CPU
	EndGlobalSection
	GlobalSection(ProjectConfigurationPlatforms) = postSolution
		{71A50B54-79D5-4E57-82F4-D766264863D9}.Debug|Any CPU.ActiveCfg = Debug|Any CPU
		{71A50B54-79D5-4E57-82F4-D766264863D9}.Debug|Any CPU.Build.0 = Debug|Any CPU
		{71A50B54-79D5-4E57-82F4-D766264863D9}.Release|Any CPU.ActiveCfg = Release|Any CPU
		{71A50B54-79D5-4E57-82F4-D766264863D9}.Release|Any CPU.Build.0 = Release|Any CPU
		{6DDB1CA2-7F22-46D7-A36F-B0E27FACD377}.Debug|Any CPU.ActiveCfg = Debug|Any CPU
		{6DDB1CA2-7F22-46D7-A36F-B0E27FACD377}.Debug|Any CPU.Build.0 = Debug|Any CPU
		{6DDB1CA2-7F22-46D7-A36F-B0E27FACD377}.Release|Any CPU.ActiveCfg = Release|Any CPU
		{6DDB1CA2-7F22-46D7-A36F-B0E27FACD377}.Release|Any CPU.Build.0 = Release|Any CPU
		{DE33249B-A173-44D7-80B3-D32D6486387A}.Debug|Any CPU.ActiveCfg = Debug|Any CPU
		{DE33249B-A173-44D7-80B3-D32D6486387A}.Debug|Any CPU.Build.0 = Debug|Any CPU
		{DE33249B-A173-44D7-80B3-D32D6486387A}.Release|Any CPU.ActiveCfg = Release|Any CPU
		{DE33249B-A173-44D7-80B3-D32D6486387A}.Release|Any CPU.Build.0 = Release|Any CPU
		{5C58FD78-7E5D-4761-94C7-11A7950FFF4F}.Debug|Any CPU.ActiveCfg = Debug|Any CPU
		{5C58FD78-7E5D-4761-94C7-11A7950FFF4F}.Debug|Any CPU.Build.0 = Debug|Any CPU
		{5C58FD78-7E5D-4761-94C7-11A7950FFF4F}.Release|Any CPU.ActiveCfg = Release|Any CPU
		{5C58FD78-7E5D-4761-94C7-11A7950FFF4F}.Release|Any CPU.Build.0 = Release|Any CPU
		{345E0076-D0CF-4389-839B-48F6C5FBF04A}.Debug|Any CPU.ActiveCfg = Debug|Any CPU
		{345E0076-D0CF-4389-839B-48F6C5FBF04A}.Debug|Any CPU.Build.0 = Debug|Any CPU
		{345E0076-D0CF-4389-839B-48F6C5FBF04A}.Release|Any CPU.ActiveCfg = Release|Any CPU
		{345E0076-D0CF-4389-839B-48F6C5FBF04A}.Release|Any CPU.Build.0 = Release|Any CPU
	EndGlobalSection
	GlobalSection(SolutionProperties) = preSolution
		HideSolutionNode = FALSE
	EndGlobalSection
	GlobalSection(ExtensibilityGlobals) = postSolution
		SolutionGuid = {E4C2DFE1-E9FD-4F70-8B04-691E7BBE9387}
	EndGlobalSection
EndGlobal
